"meta:
hash": I
"Sha256: 526045530262663 cab045140595008016552663506300307002097511406ge"
DIPfile spec: 6,
"requires": I
python versions; "3.10"
sources: I
home DID cont Index globally
curly. http://artifactory-pray-0.wellsfargo.net/artsfactory/ap1/ppp1/ppp1. python-remote/simples
"verify 5510: False
"default":
S
"anyio":
"hashes": [


"Sh87s8- adc6al1hbb7cab8sedes6cacse2946f 5e2tfia382.791cr0248585ces..
"sha256:c1b2d8f46a8a812513012e1107cb0e68c17159a7a594208005a57dc776e1bdc7"


]
"markers": "python_version >= "3.8'
"version": "==4.4.


)
"beautifulsoup4":
"hashes": [
"sha256:74e3d1928edc070d21748185c46e3fb33490f22f52a3addee9aee0f4f7781051".
"sha256:b30878c9f40111313e55da8ba20bdba06d8fa3969fc68304167741bbf9e082ed"


)'
"markers": "python_full_version >- "3.6.0"
"version": "=-4.12.3"


"certifi":
"hashes":
"sha256:922820b53db7a7257ffbda3f597266d435245903d80737e34f8a45ff3eB230d8"
"sha256:bec941d2aa8195e248a60b31ff9f0558284cf01a52591ceda73ea9afffd69fd9"
"markers": "python_version >= "3.6""
"version": "-=2024.8.30"


"click":
Ph


"hashes": [
"sha256:ae74fb96c20a0277ald615f1e4d73c8414f5a98db8b799a7931d1582f3390c28"
"Sh82356:C68953859878762182715786 90970794
1,


"markers": "python_version >- "3.7'"
"version": "==8.1.7"


)


"colorama": (
"hashes": [
"sha256:08695f5cb7ecGe8531a28572697297273c$7b8ca5a63ffc6d ec101be6e4",
"sha256:4f1d9991f5acc0ca119f9d443620b77f9d6b33703e51011c16baf57afb285fc6"
"sha256:96e0137fb3ab6b56576b4638116d77c59 f 3e0565f4ea8172e4721c72a fa92",
"sha256:bC3alefa8b297242dcd0757e2c83d358bcd18bda7735e493aa89a634c74c9b#"


"
"version": "==0.4.6"


"exceptiongroup": f
"hashes":
"sha256: 3111b9d1 31c238bec2f8f516e123e14ba243563 fb135d3 fe885990585aa7795b",
"sha256:47c2edf7c6738fafb49fd34290706d1a1a2f4d1c6df275526b62cbb4aa5393cc"
"markers": "python_version < '3.11'"
"version": "==1.2.2"


S


"fastcore":


"hashes": [
"sha256:102a9fc7711796581ab6dbdb4083c60080cb364a9d86eb3f0c54222aef4a6024"
"sha256:dc1f455878e603e5b72fae980282085b47958b620b76c0ea3fd59cd4693374ec"


"markers": "python_version >= '3.8"
"version": "==1.7.1"


"fastlite":
"hashes": [
"sha256:3a4a510fb411e39cda98111d32421838b02c3a0ccaa1c543393c22ddd9f4553d"
she356-sefltaca838s1t0c57461767823e287356276s6seac680c8653:2789."


"markers": "python_version >= "3.10'"
"version": "==0.0.10"


"h11":
"hashes": [


"sha356:8f19ftbe886724208 f35c0087834c6937%902a8b6162.c68308c6r0.36990",
"sha256:e3fe4ac4b851c468cc8363d500db52c2ead036020723024a109d37346efaa761"


"markers": "python_version >= "3.7""
"version": "--0.14.0"


"httpcore":
"hashes": [
"sha256: 34a38e2f 9291467ee3b44e89da52615370e152954ba21721378a87629667a61",
sha256:421 f18bac248625d310f3cacd193d55b8e6125c107797b609ff9b7a6ba7991b5*


1,
"markers": "python_version >= '3.8""
"version": "==1.0.5"


$2
"httptools":
"hashes":
sha256:00d5d4b68a717765b1fabfd9ca755bd12bf44105eeb806c03d1962acd9b8e563",
sha256:0ac5a0ae3d9f4fe004318d64b8a854edd85ab76cffbf7ef5e32920faef62f142".
sha256:0cf2372e98406efb42e93bfe10f2948e467edfd792b015f1b4ecd897903d3e8d",
sha256:1ed99a373e327f0107cb513b61820102ee4f3675656a37a50083eda05dc9541b",
"sha256:3c3b214ce057c54675b00108ac42bacf2ab8f85c58e3f324a4e963bbc46424f4",
"sha256: 3e802e0b2378ade99cdG66b5bf fb8b2a7cc8f3d28988685dc300469eaSddS6cb",
"sha256:3f30d3ce413088a98b9db71c60a6ada2001a08945cb42dd65a9a9fe228627658"
sha256:405784577ba6540fa7d6ff49e37daf104e04f4b4ff2dlac0469eaa6a20fde084
sha256:48ed8129cd9a0d62cf4d1575fcf90fb37e3ff7d5654d3a5814eb3d55f36478c2"
'sha256:4bd3e488b447046e386a30f07af05f9b38d3d368d1f7b4d8f7e10af85393db97".
sha256:4f0f8271c0a4db459f9dc807acd0eadd4839934a4b9b892f6f160e94da309837".
sha256:5cceac09f164bcba55c0500a18fe3c47df29b62353198e4f37bbcc5d591172c3".
sha256:639dc4f381a870c9ec860ce5c45921db50205a37cc3334e756269736ff0aac58",
"sha256:678fcbae74477a17d103b7cae78b74300d795d702083567ce160fc2021e4d0da"
"sha256:684f5ccead6i18ec072ac0b84428e95d27c1cdf5c9f1bc8fbd8daf86bd94 f45d",
"sha256: 6f58e35a1402fb5a650e271e8c2d03cfa7ce046ae124649346417bd30d5999",
"sha256:75c8622dca7935cba14741 a4274ee:13ba05db0eb27a4b940f8d646bdaa56d@"
"sha256:7a7ea483c1a4435c71cb5f38be9db078f8b08b4c4dc0219f531 dd2ddaclef1",
"sha256:7dceb2c957320def533671f c9c715a80c47025139c8d1 f3797477decbc6edd?",
"sha256: 7ebaec bf68e4bf5c9fb49b8Cc36da482033596a415b3edebabSa4c0d7ecse",
"sha256:85ed077c95e842b6f 1b07583e4eb0a8d 324d418954fc6af91 3d36db7c@sa5a",
"sha256:8ae5b97f690badd2ca27cbf668494ee1b6d34cf1c464271ef7bfa9ca6b83ffaf"
"sha256:8b0b63433834385351a1600a73e558ce619af390c2b38386206ac6a27fecf ",
"sha256:8e216a038d2452ea13fdd9b9c9c7459fb8@d78392b257828295eca1c773b99b3",
"sha256:93ad807176a 5788902f 207a4e79885f0576134695 -befefc1567s4648a593",
"sha256:95658€342529bba4e1d3d251 a874b16c7ca435e8627422154c9da76ac4e13a",
"sha256:95fb92d 3649f9c[b1399c56604cc2d7C7bf9fc2@7c8d7fbd5sfsce3sedacza3",
"sha256:97662Ce7fb196C78534808d638f c9ad69e:18e4bfb40035a52e fesadc949",
"sha256:9bb68d3a085c2174c2477eb3feB4a9f04fde8792edb7bcd09a1d8467e30a34"
"sha256:b512a728bc02 354eSac86ce76c3 ce635b62f5*bc328b7082b5e582a27867bb",
"sha256:C6e26c 30455600b95d94516836085138e82f17735144ce841c1 48f93a9bad5a".
"sha256:d2f6E3c4cb1948d912538217838f6e960bc4a521d 7"f9b323b3da579cd14532",
"sha256.dcbab042cEG3ef272adc11220517278519ad f8f53fd3056de6sreasf891baode" "
"sha256:£83281 cf5a125c35f7f67226568542d2e57331be573e968&bc850115cda7a81",
"sha256:e57997aC7fb7e43140cc03664de5f268813ad81dff6245e75925adc6a185",
"sha256:fe467eb08668021767584e61313cbadc8d187a4d95bb62031b7bab4b295c3ba3"
],
"version": "==0.6.1"
"httpx":
"hashes": [
sha256:7bb2708e112d8fdd7829cd4243970f0c223274051cb35ee80c0330lee29a3df0",
sha256:f7c2beld2f3c3c3160d441802406b206c2b76f5947b11115e6df10c6c65e66c2"
],
"markers": "python_version >= "3.6'"
"version": "-=3.8"


)


"itsdangerous":


"hashes";


sha256:c6242fc49e35958c8b15141343aa660db5fc54d4f13a1db01a3f5891b98700ef"


'sha256:e0050c0b7daleea53ffaf149c0cfbb5c6e2e2b69c4bef22c81fa6eb73e5f6173"


]


"markers": "python_version >= "3.8""
"version": "-=2.2.0"


oauthlib": f


"hashes":
L


"sha256: 8139f29aac13e25d502680e9e19963e83f16838d48a0d71c287fe40e7067fbca".
"sha256:9859c40929662bec5d64f34d01c99e093149682a3f38915dc0655d5a633dd918"
markers": "python_version >= "3.6""
"version": "-=3.2.2"
"packaging": t
"hashes": [


'sha256:026ed72c8ed3fcce5bf8950572258698927fd1dbda10a5e981cdf0ac37f4f002"
"sha256:5b8f2217dbdbd2f7f384c41c628544e6d52f2d0f53c6d0c3ea61aa5d1d7ff124"


2


"markers": "python_version >= '3.8""
"version": "--24.1"


python-dateutil": (
"hashes": [


'sha256:37dd54208da7e1cd875388217d5e00ebd4179249f90fb72437e91a35459a0ad3"
'sha256:a8b2bc7bffae282281c8140a97d3aa9c14da0b136dfe83f850eea9a5f7470427"


J
"markers": "python_version >= "2.7' and python_version not in "3.0, 3.1, 3.2""
"version": "==2.9.0.post0"


"python-dotenv":
"hashes": [


"sha256:e324ee90a023d808f1959c46bcbc04446a10ced277783dc6ee09987c37ec10ca",
"sha256:f7b63ef50f1b690dddf550d03497b66d609393b40b564ed0d674909a68ebf16a"


」
"version": "==1.0.1"


],


"python-fasthtml": (
""hashes": [


"sha256:e3a8b1de9097f91097fbf6cd62cf4ff72f708738428f4ede5c69a2a110401f2c".
sha256:ffb9d6adleedb5fcdada96d633a8fd4d9102693183360846f8b2e88b8c8b806d"


"index": "pip_conf_index_global"
"markers": "python_version >= '3.10
"version": "==0.4.5"


)
python-multipart":
"hashes": [


'sha256:03f54688c663f1b7977105f021043b0793151e4cb1c1a9d4a11fc13d622c4026",
sha256:97ca7b8ea7b05f977dc3849c3ba99d51689822fab725c3703af7c866a0c2b215"


S
"markers": "python. version >= ^3.8"",
"version": "=-0.0.9"
},
"pyyaml":{
"hashes": [
"sha256:0101357af42f5c9fc7e9acc5c5ab8c3049f50db7425de175b6c7a5959cb6023d",
"sha256:01179a4a8559ab5de078078f37e5c1a30d76bb88519906844fa7bdea1b7729ff",
"sha256:0833f8694549e586547b576dcfaba4a6b55b9e96098b36cdc7ebefe667dfed48".
"sha256:0a9a2848a5b7feac301353437eb7d5957887edbf81d56e903999a75a3d743086",
"sha256:0ae563b7e3ed5e918cd0184060e28b48b7e672b975bf7c6f4a892cee9d886ada".
"sha256:0b69e4ce7a131fe56b7e4d770c67429700908fc0752af059838b1cfb41960e4e".
"sha256:0fe2c1c5401a3a98f06337fed48f57340cf652a685484834b44f5ceeadb772ba"
"sha256:0ffe8360bab4910ef1b9e87fb812d8bc0a308b0d0eef8c8f44e0254ab3b07133"
"sha256:11d8f3dd2b9c1207dcaf2ee0bbbfd5991f571186ec9cc78427ba5bd32afae4b5",
"sha256:17e311b6c678207928d649faa7cb0d7b4c26a0ba73d41e99c4fff6b6c3276484".
sha256:1e2120ef853f59c7419231f3bf4e7021f1b936f6ebd222406c3b60212205d2ee".
"sha256:1eb00dd3344da80264261ab126c95481824669ed9e5ecc82fb2d88b1fce668ee".
"sha256:1f71ea527786de97d1a0cc0eacdldefc0985dcf6b3f17bb77dcfc8c34bec4dc5",
"sha256:2086b30215c433c1e480c08c1db8b43c1edd36c59cf43d36b424e6f35fcaf1ad",
"sha256:23502f431948090f597378482b4812b0caae32c22213aecf3b55325e049a6c68".
"sha256:24471b829b3bf607e04e88d79542a9d48bb037c2267d7927a874e6c205ca7e9a",
"sha256:29717114e51c84ddfba879543fb232a6ed60086602313ca38cce623c1d62cfbf".
"sha256:29b4a67915232f7950621 1e69943e3102e211c6161 81ceff0adf34e21b469357",
"sha256: 2e99c6826ffa974fe6e27cdb5ed0021786b03fc9se5ee3c5bfe1fd5015f42b99",
"sha256: 2e9bc8a34797f0621f56160b961d47a088644370f79d34bedc934fb89e3f47dd",
"sha256:30ec6b9afc17353a9abcff1098B0edf6e8d5b924eb1eeed7fe9376febc1f9800".
"sha256:31573d7e161d2f905311f036b12e65c058389b474dbd35740f4880b91e2ca2be",
"sha256:36d7bf6355843ea2a81degdØ3e9c56c353b1dfBe6C1faaec86df5adedf2e02".
"sha256: 39693e1f8320ae4f43943590b49779ffb98acb81f788220ea932a6b6c51004d8"
"sha256: 3ad2a3decf9aaba3d29 c8f537ac45243e36bef95751b4766cb0057d32bobe85",
'sha256:3af6b36bc195d741cd5b511810246cad143b99c953b4591e679e194a820d7b7c".
"sha256: 3b1-fdb9dc17f5a7677423d508ab4f243a7 26dea51fa5e70992e937411c89d19",
sha256:414629800a1ddccd7303471650343fc801801cc579a195d2fe61755b455409e3",
"sha256:41e4e3953a79407c794916fa277a82531dd93aad34e29c2a514c2cc5fe971cc",
sha256:43fa96a3ca0d6b1812e01ced1044a003533c47f6eeaca31724f78e93ccc089",
sha256:459113f2b9cd68881201a3bd1a858ece3281dcoe92eceGe917d23b128rofcb31",
"sha256:46e4fae38d00b40a62d32dG0f1baalbSef 33aff28c2aafd96b05d5cc770f1583".
she256:4bf821ccd51e8d5bc1a4021b8bd85a92b49832ac1cd1a53b399f0eb7c1C4258",
"sha256:50187695423ffe49e2deacb8cd10510bc361faac997desefef88badc3bb9e2d1"
sha256:50bd6560a6df3de59336b9a9086cbdea5aa9eee5361661448ee45c21eeb0da68"
sha256:53056b51f111223e603bed1db5367f54596d44cacfa50f07e082a11929612957"
"sha256:53c5f0749a93e3296078262c9acf632de246241ff2f22bbedfe49d4b55e9bbdd"
sha256:54c754cee6937bb9b72d6a16163160dec80b93a43020ac6fc9f13729c030c30b"
"sha256:58cc18ccbade0c48fb55102aa971a5b4e571e2b22187d083da33f8708fa4ee7",
sha256:5921fd128fbf27ab7c7ad1a566d2cd9557b84ade130743a7c110a55e7dec3b3c".
"sha356:5ac832aec4831237bec754efaf839764564be1e6525ac710b01a386321c8317-1
"sha356:56758€c287136816750s30156c03090ac251585dea3c87437ae879cfe3087.
"sha:256:5a235lb35a45f21678489358es8a879240902f2659a3c6c3283648758647c",
"sha356:60 91e7354c9675$4228e9c099502c2ad963231ca75469f8ea5157e32e2"
"sha256: 6395c297042374772ab 3676aa879468395804e@505835486c16da75028694631.
"sha256:6888a32a1cfef67fc2c9389882efebaea46157868923624778664cc1c914b5d".
"sha256: 68Ec6823.340878183152ad94103e3db86250899c72e8ecb5a668992s46i652",
"sha256:6f0f728a88 6eb38a36762726b965b6acf12097 f8cea2cb4fecrf856a7 27 9d."
"sha256: 6f31c5935310da6geef e996962d488f080312roeb43beff1717acbsfe9bed",
"sha256:70b189594dbe54f7Sab3alacecSf1e3fa7e8cf2f1e849b561cb416845*69d5",
"sha256:728647G8cedec4oea1 3f0ad1a6cc3Cec0a89865145 f08sa9230a2242r3",
"sha256:72ffbcscecc718771043837548a450 f26767 c4926b40dc943e758fe92aa13d3",
"sha256:7368b23309€c045c33c51cd55aal be1dcab1799a9e4f6c753d8cab@54bc34",
"sha256:76502931c*96e9e7613 28e21C20f1 ca2de84e7350a151 b19820698696e3er",
"sha256:797b4f722ffa7c862053e4cff1486fabdce94105d13fea7b1de7a85f71e",
"sha256:7c3628es 6838e520936c3 cb3b8042851904e6ae58277dcaeascfe 590o",
"sha256:7e7401code8983s85c839bc697c979adaf81cf878373abd7dc62584725cba8-,


"sha 256:7ee3618086a35c58f753676340f1c314f9e8c597f5107212112214c3
sfd",
"sha256:80bab7bfc62982493af4a31a4cfa43a4c57c838132$3626916b8c7ada3476",
"sha256: 826fb4d5ac2c48b9dGe71423def2669d4646c93b6c13612a71b3ac7bb345304",
"sha 256: 82d09873e40954857467 395Cb8b4586983670466c2382c19cffecbf1fd8706",
"sha256:8383ee1976c416731879ac16daaf f3f63b286ffd57cdeb95f3f2e08587563",.
"sha256:84c39ceec517cd8fe1cb144efb08904a32050be51 cssb7a59bc7958c8091568d".
"sha256:8824b5a04a04a047e72eea5ceC3bc2G6db09e35de6bdfe34c943Gacsee27d237".
"she256:88bfe75bb19ae12a9c77c52322828a8e2a8d3d213 fbcfcded5c3f5ca3ead352",
"sha256:8b9c7197f7cb2738065c481a0461e50ad02f18c78cd75775628afb4d7137fb3b",
"sha256:8e88lebd5c5842595365bf9@db 3ef7e9a8dGa79c9acdb1d05675c81c7267fd3",
"sha256:9056c1ecd?5795207ad294bcf39f 2db3d845767be@ea6e 6a34d856 f006006083".,
"sha256: 936d68689298c36b53b29f 23c6dbb74de12b4ac12ca6cfee047bedceea56180".
sha256: 9426067a19b369474396bf57 fdf895b899045a25d1848798844693780b147436",
"sha256:9b22676e8097e9e22e36dGb7bda33 190d0d400f 345f 23d4065d48fAca7ae0425",
"sha256:9c5cede7ec50d4df88b62f4b019ab7b3bb2883c826a1044268e9afb344c57b17",
sha256: a4d3091415f010369ae4edlfc6b79def9416358877534caf6a0fdd2146c87a3e",
sha256:a8786accb172bd8afb8be14490a16625cbc387036876ab6ba70912730faf8e1f".
"sha256:a9f8c2e67970f13b16084e04f134610fdld374bf477b17ecl599185cf6lld725",
"sha256:ad0c172fe15beffc32e3a8260f18e6708eb0e15ae82c9b3f80fbe04de0ef5729",
sha256:ad206c7f5f08d393b872d3399f597246fdc6ebebff09c5ae5268ac45aebf4f8d",
sha256:b0a163f4f84d1e0fe6a07ccad3b02e9b243790b8370ff0408ae5932c50c4d96d".
sha256:b0dd9c7497d60126445e79e542ff01351c6b6dc121299d89787f5685b382c626".
"sha256:b1de10c488d6f02e498eb6956b89081bea31abf3133223c17749e7137734da75"
Sha256:b408f36eeb4e2be6f802f1be82daf1b578f3de5a51917c6e467aedb46187d827".
sha256:bae077a01367e4bf5fddf00fd6c8b743e676385911c7c615e29e1c45ace8813b",
"sha256:bc2fa7c6b47d6bc618dd7fb02ef6fdedb1090ec036abab80d4681424b84c1183".
"sha256: c16522bf91daa4ea9dedc1243b56b5a226357ab98b3133089ca627ef99baae6f"
"sha256:c70c95198c015b85feafc136515252a261a84561b7b1d51e3384e0655ddf25ab"
"sha256: ca5136a77e2d64b4cf5106fb940376650ae232c74c09a8ff29dbb1e262495b31"
"sha256:cc1c1159b3d456576af7a3e4d1ba7e6924cb39de8f67111c735f6fc832082774"
'sha256: ce826d6ef20b1bc864f0a68340c8b3287705cae2f8b4b1d932177dcc76721725
"sha256:d584d9ec91ad65861cc08d42e834324ef890a082e591037abe114850ff7bbc3e",
"sha256:d6e0f7ee5f8d851b1d91149a3e5074dbf5aacbb63e4b771fcce16508339a856f"
"sha256:d7fded462629cfa4b685c5416b949ebad6cec74af5e2d42905d41e257e0869f5"
"sha256:d84a1718ee396f54f3a086ea0a66d8e552b2ab2017ef8b420e92edbc841c352d"
'sha256:d8e03406cac8513435335dbab54c@d385e4a49e4945d2909a581c83647ca0290",
"sha256:e10ce637b18caea@4431ce14fabcf5c64a1c61ec9c56b071a4b7ca131ca52d44".
'sha256:e7930a0612e74fcca37019ca851b50d73b5f0c3dab7f30B5a7c15d2026118315",
"sha256:e8e6dd230a158a836cda3cc521fcbedea16f22b16bBcfa8054dØc6cea5dØa531",
"sha256: ec031d5d2feb36dldla24380e4db6d43695f3748343d99434e6f5f9156aaa2ed",
"sha256:eee36bf4bc11e39e3f17c171f25cdedff3d7c73b148aedc8820257ce2aa56d3b",
"sha256:ef6107725bd54b262d6dedcc2af448a266975032bc85ef0172c5f059da6325b4",
'sha256:efdca5630322a10774e8e98e1af481aad470dd62c3170801852d752aa7a783ba",
"sha256:f07adc282d51aaa528f3141ac1922d16d32fe89413ee59bfb8a73ed689ad3d23"
"sha256:f09816c047fdb588dddba53d321f1cb8081e38ad2a40ea6a7560a88b7a2fØea8",
"sha256:f753120cb8181e736c57ef7636e83f31b9c0d1722c516f7e86cf15b7aa57ff12".
"sha256:fea4c4310061cd70ef73b39801231b9dc3dc638bb8858e38364b144fbd335a1a".
sha256:ff3824dc5261f50c9b0dfb3be22b4567a6f938ccce4587b38952d85fd9e9afe4"


"version": "==6.0.2"


S
"six": (
"hashes": [
"sha256:1e61c37477a1626458e36f7b1d82aa5c9b094fa4802892072e49de9c60c4c926".
"sha256:8abb2f1d86890a2dfb989f9a77cfcfd3e47c2a354b01111771326f8aa26e0254"
not in "3.0, 3.1,


"markers": "python_version >= '2.7" and python_version
3.2"",
"version": "==1.16.0"


"sniffio": (
"hashes": [
sha256:2f6da418d1f1e0fddd844478f41680e794e6051915791a034ff65e5f100525a2"
"sha256:f4324edc670a0f49750a81b895f35c3adb843cca46f0530f79fc1babb23789dc"


J,
markers": "python_version >= '3.7'
version": "==1.3.1"


soupsieve":
"hashes":
"sha256:e2e68417777af359ec65daac1057404a3c8a5455bb8abc36fla9866abla5labb",
'sha256:d8e03406cac8513435335dbab54c@d385e4a49e4945d2909a581c83647ca0290",
"sha256:e10ce637b18caea@4431ce14fabcf5c64a1c61ec9c56b071a4b7ca131ca52d44".
'sha256:e7930a0612e74fcca37019ca851b50d73b5f0c3dab7f30B5a7c15d2026118315",
"sha256:e8e6dd230a158a836cda3cc521fcbedea16f22b16bBcfa8054dØc6cea5dØa531",
"sha256: ec031d5d2feb36dldla24380e4db6d43695f3748343d99434e6f5f9156aaa2ed",
"sha256:eee36bf4bc11e39e3f17c171f25cdedff3d7c73b148aedc8820257ce2aa56d3b",
"sha256:ef6107725bd54b262d6dedcc2af448a266975032bc85ef0172c5f059da6325b4",
'sha256:efdca5630322a10774e8e98e1af481aad470dd62c3170801852d752aa7a783ba",
"sha256:f07adc282d51aaa528f3141ac1922d16d32fe89413ee59bfb8a73ed689ad3d23"
"sha256:f09816c047fdb588dddba53d321f1cb8081e38ad2a40ea6a7560a88b7a2fØea8",
"sha256:f753120cb8181e736c57ef7636e83f31b9c0d1722c516f7e86cf15b7aa57ff12".
"sha256:fea4c4310061cd70ef73b39801231b9dc3dc638bb8858e38364b144fbd335a1a".
sha256:ff3824dc5261f50c9b0dfb3be22b4567a6f938ccce4587b38952d85fd9e9afe4"


"version": "==6.0.2"


S
"six": (
"hashes": [
"sha256:1e61c37477a1626458e36f7b1d82aa5c9b094fa4802892072e49de9c60c4c926".
"sha256:8abb2f1d86890a2dfb989f9a77cfcfd3e47c2a354b01111771326f8aa26e0254"
not in "3.0, 3.1,


"markers": "python_version >= '2.7" and python_version
3.2"",
"version": "==1.16.0"


"sniffio": (
"hashes": [
sha256:2f6da418d1f1e0fddd844478f41680e794e6051915791a034ff65e5f100525a2"
"sha256:f4324edc670a0f49750a81b895f35c3adb843cca46f0530f79fc1babb23789dc"


J,
markers": "python_version >= '3.7'
version": "==1.3.1"


soupsieve":
"hashes":
"sha256:e2e68417777af359ec65daac1057404a3c8a5455bb8abc36fla9866abla5labb",
sha256:e72c4ff06e4fb6e4b5a9f0f55fe6e81514581fca1515028625d0f299c602cccg"


],
"markers":


python_version >= '3.8'"
"version": "==2.6"


S
"sqlite-minutils":
"hashes": [


"sha256:1990e1d4426314abcb23d8c8716392573943110923d263e 383cabb71cc3"
"she256:d7f86b1581ef4e8se68507a898f3c0a6574c587e36715813817108c081481e6"


"markers": "python_version >= "3.8'"
"version": "==3.37.0.post3"


"starlette":
et
"hashes": [


"sha256:4ec6a59df6bbafdab5f567754481657f7ed90dc9d69b0c9ff017907dd54faeff"
"sha256:c7c0441065252160993ala37cf2a73bb64d271b17303e0b0cleb7191cfb12d75"


]
"markers": "python_version >= "3.8'"
"version": "--0.38.2"
"typing-extensions":
et


"hashes": [


"sh@256:04e5ca835168f 3f35c685383540872df65890013fac324608723166878779:708.".
"sha256:1a7ea55c7e55944dee856e3a8834125abfe1ce8df7b7€13915re21 tb8:


"markers": "python_version < '3.11""
"version": "--4.12.2"


),
"uvicorn":
"extras": [
"standard"


],
"hashes": [
"sha256:4b15decddale72be08209e860ale10e92439ad5b97cf44cc945fcbee66fc5788"
"sha256:65fd46fe3fda5bdc1b03b94eb634923ff18cd35b2f084813ea79d1f103f711b5"


1,
"markers": "python_version >= '3.8'"
"version": "-=0.30.6"


"watchfiles":{
"hashes": [


"sha256:01550ccf1d0aed6ea375ef259706af76ad009ef5b0203a3a4cce0f6024f9b68a"
"sha256:01def80eb62bd5db99a798d5e1f5f940ca0a05986dcfae21d833af7a46f7ee22"
"sha256:07cdef0c84c03375f4e24642ef8d8178e533596b229d32d2bbd69e5128ede02a"
"sha256:083dc77dbdeef09fa44bb0f4d1df571d2e12d8a8f985dccde71ac3ac9ac067a0"
"sha256:1cf1f6dd7825053f3d98f6d33f6464ebdd9ee95acd74ba2c34e183086900a827"
"sha256:21ab23fdc1208086d99ad3f69c231ba265628014d4aed31d4e8746bd59e88cd1"
"sha256:2dadf8a8014fde6addfd3c379e6ed1a981c8f0a48292d662e27cabfe4239c83c"
=
'sha256:2e28d91ef48eab0afb939fa446d8ebe77e2f7593f5f463fd2bb2b14132f95b6e"
S
'sha256:2efec17819b0046dde35d13fb8ac7a3ad877af41ae4640f4109d9154ed30a188"
"sha256:30bbd525c3262fd9f4b1865cb8d88e21161366561cd7c9e1194819e0a33ea86b"
"sha256:316449aefacf40147a9efaf3bd7c9bdd35aaba9ac5d708bd1eb5763c9a02bef5",
"sha256:327763da824817b38ad125dcd97595f942d720d32d879f6c4ddf843e3da3fe90"
"sha256: 32aa53a9a63b7f01ed32e316e354e81e9da0e6267435c7243bf8ae0f10b428ef",
"sha256:34e19e56d68bØdad5cff62273107cf5d9fbaf9d75c46277aa5d803b3ef8a9e9b",
"sha256:3770e260b18e7f4e576edca4c0a639f704088602e0bc921c5c2e721e3acb8d15".
"sha256:3d2e3ab79a1771c530233cadfd277fcc762656d50836c77abb2e5e72b88e3a48",
"sha356:41face41 0a6fec8e8b83385353373e9a4 365cb2e53dadsc61fa8c9f9.b5a51e-
"sh6256:43-3e37e 15386fee 1bc2473cfa8eb3484bce 3aeftbf75927e4878ar.
"sha356:489f$3148c8edce87c683888c$284ca060e1-5c949a2 50012adacose7 ded".
"sh:256:493a 50862f78689162das73841c652ad4689271904383t87 c8363df oe1",
"sha256:4946176f841e63b445796a254013aea2120357ccacbed0253r9c2bdc24e2d"-
"sha256:49fB58bc a343fedc6a9e91 9019520ccb3135447dc9ese2570c383956853e"
"sha256: 437fa2bc0efef 3e209a3199fd1b8969 fe9db9c718cc46366831edea7dd4"
"sha256:43bf4ad269856313782de296ac66b0cd1d71459fc3c98532d83798e733967a-
"sha256:4b86935826196758f2fB82fcle744d r128ba22f530e155763c8d825cei 5 379",
"sha256:4d28cea3c976499475f 5b7a2fec6b3a36298656963c1 a856d3288ee56fc5c1",
"sha256:5148c2f1ea043db13ce9b8c28456e18ec8f14f41325aa624314095b68a2e9ea"
"sha256:54ca90a9ae6597ae 6dc00e7ed0a040ef723f84ec517d3e7ce13e63e4bc82fa 4"
"sha256:551ec3ee2a3ac9cbcf48a4ec76e42c2ef938a7e905a35b42a1267 fa4b1645896".
"sha256:5c51749f3e4e269231510da426ce4a44beb98db2dce9097225c338fB15b05d4f",
'sha256:632676574429bee8c26be8af52af20e0c718cc7f5f67f3fb658c71928ccd4f7f".
"sha256:6509ed3f467b79d95fc62a98229f79b1a60d1b93f101e1c61d10c95a46a84f43".
"sha8256:6acfe3ca6fdbdd1 868 52828546815481 cbc2cb 187080806c68376375 378731
"sha256:7138eff8baa883aeaaØ74359daabb8b6c1e73ffe69d5accdc907d62e50b1c0da".
"sha256:7211b463695d1e995ca3feb38b69227e46dbd03947172585ecb0588f19bOd87a".
"sha256:73bde715f940bea845a95247ea3e5eb17769ba1010efdc938ffcb967c634fa61".
"sha256:78470906a6be5199524641f538bd2c56bb809cd4bf29a566a75051610bc982c3",
"sha256: 7ae3e208b31be8ce7f4c2c0034f33406dd24fbce3467f77223d10cd86778471c",
"sha256:7e4bd963a935aaf40b625c2499-f3f4f6bbd0c3776f6d3bc7c853d04824ff1c9f",
"sha256:82ae557a8c037c42a6ef26c494d0631cacca040934b101d001100ed93d43f361".
"sha256:82b2509f0B761f29a0fdad35f7e1638bBabladfe2666d41b79409@361fb8b85",
"sha256:8360f731 4a070c30e4c976b183d1d8d1585a4a50c5cb603f431cebcbb4f66327",
"sha256:85d5f0c7771dcc7a26c7a27145059b6bb@ce06e4e751ed76cdf123d7039560b5".
"sha256:8bctdlefe1a8ff43675360372def210ebad3372c8bfesc08d25d263943b",
"sh:256:9391c689051a4857658107d873fafb8ee921bcf3abe645a858427fb6763",
"sha256:951088d1 243868332cef2ec5&83cfd957692834c72ffa570e876a7902277",
"sha256:95c/385ea6658b03fSa54765fa41abr8529dbaf372c3b83a91ad2cfa695798",
"sha256:961930244374de Se234552b622dc481257a9943127662c30f606f3e22f42be",
"sha256:99928c6434372fde16c8f27143d3c97201160048a61 4071261701615a2a156f,.
"sha256:9a60e2bf9dc6afe7f743e7c9b149d1fddGdbf35153c78fe3a14ae1a9aee3d98b",
sha256:9f895d785eb6164678ff4bb5ccG8c996b3ee6df3edb28dcdeba86a13ea465e",
"sha256;a2a9891723a735d 3e2540651184be6fd5b9688@c08ffela98bae5017e65b54b",
"sha256:a974231b4fdd1bb7f62064a8565a6b107d27d21 d9acb50c484d2cdba515b9366",
"sha256:aa0fd7248cf533c259e59dc593a68973a7 3e881162b1 a2f73360547132742823",
sha?56;acbfa31e315a8f14fe33e3542cbcafc557@3b8f5dcbb7c1eecd30f141df50db3",
"sha256:afb72325b74fa7a428c099c1b8be4b4d7c2afedafb2982827ef215646df 2fe1".
"sha256;b3ef2c69C655d63deb96b3c3e587084612f9b1fa983df5e0c3379d41307467f",
sha256:b52a65e4ea43c6d149c5f8ddb0bef8d4a1e779b77591a458a893eb416624a418".
"sha256:b665caeeda58625c3946ad7303fbdB8a086ee51 ccb706307eb1fa91556ac886",
"sha256:b74fdffce9afcf2dc296dec8743e5b332d15df19ae464f0e249aa871fc1c571",
sha256:b995bfa6bf01a9e09b884077a6d37070464b529d8682d7691c2d3b540d357a0c",
"sha256:bd82010f8ab451dabe36054a1622870166a67cf 3fce894f68895db6f74bdc94".,
sha256:bdcd5538e27f188dd3c804b4a8d5f52a7fc7f87e7fd6b374b8e36a4ca03db428"
"sha256: c79d7719d027b7a42817c5d96461a99b6a49979c143839fc37aa5748c322f23 ",
"sha256:cdab9555053399318b953alfe1f586e945bc8d635ce9d05e617fd9fe3a4687d6".
sha256:ce72dba6a20e39a0c628258b5c308779b8697f7676c254a845715e2a1039b968".
"sha256:d337193bbf3e45171c8025e291530fb7548a93c45253897cd764a6a71c937ed9".
"sha256:d3dcb774e3568477275cc76554b5a565024b8ba3a0322f77c246bc7111c5bb9c".
"sha256:d64ba08db72e5dfd5c33belele687d5e4fcce09219e8aee893a4862034081d4e"
"sha256:d7a2e3b7f5703ffbd500dabdefcbcgeafeff4b944bbdd5d83d79eedf8428fab",
"sha256:d831ee0a50946d24a53821819b2327d5751b0c938b12c0653ea5be7dea9c82ec"
"sha256:d9018153cf57fc302a2a34cb7564870b859ed9a732d16b41a9b5cb2ebed2d444",
sha256:e5171ef898299c657635306d8e1478a45e9303ddcd3ac5fed5bd52ad4ae0b69b" "
"sha256:e94e98c7cb94cfa6e071d401ea3342767f28eb5a06a58fafdc0d2a4974f4f35c".
"sha256:ec39698c45b11d9694a1b635a70946a5bad066b593af863460a8e600f0dfflca"
sha256:ed9aba6e01ff6f2e8285e5aa4154e2970068fe0fc0998c4380d0e6278222269b
sha256:edf71b01dec9f766fb285b73930f95f730bb8943500ba0566ae234b5c1618c18",
sha256:ee82c98bed9d97cd2f53bdb035e619309a098ea53ce525833e26b93f673bc318"
"sha256:f4c96283fca3ee09fb044f02156d9570d156698bc3734252175a38f0e8975f07".
"sha256:f7d9b87c4c55e3ea8881dfcbf6d61ea6775fffedlfedffaa60bd047d3c08c430"
sha256:f83df90191d67af5a831da3a33dd7628b02a95450e168785586ed51e6d28943c"
sha256:fca9433a45f18b7c779d2bae7beeec4f740d28b788b117a48368d95a3233ed83"
sha256:fd92bbaa2ecdb7864b7600dcdb6f2f1db6e0346ed425fbd01085be04c63f0b05"
],
"version": "==0.24.0"


'websockets": t
"hashes" [
"sha256:0of6961943b6-1 ee6r8b138753e50ac5dcd906139dcd7780083c3ab79702",
,


"sha256;83d3f9ba172c053e37fa4e636b86c60c3ab2cfee1935e6ed1d7aca4625ad",
"sha256:8513c727fb8adffa6d9bf4a1463b2bade0186cbd8c3604ae5540fae18a90cb99",


"
"sha256:ese70fec7c54aac4d71ea8e8cab50525e89791fC389ec6f7095312e4e920",
"sha256:0617fd0b1d143097eab6ba 5de ae@a7 179959861846cbc5cb528a7531c249448"
"sha256:06c0a667e466fcb56a0886d924b5f29a7f0886199102f0a0e1c60a02a3751cb4"
sha256:0r5250402351480d458adf496dc1c9e9811df4ba4752f0bc1f89ae92f4f87d c"
"sha256:10a0dc7242215d794fb1918f69c6b235f1627af19e770536d147fce7(37",
"sha256: 11f997Gecbc530248cf 162e359a92f 37b7b282deB8d1d194f2167b5e7ad9ce3",
"sha 256: 132511bfda2e77d1 52c919147078460c88a79af16b50c42a9bd14f0ad71ddd?",
"sha256:1 39addef98206cb74109faf 3611b7783ceaf c928529c62b38917a937d4cfdf4",
"sha256:14b3c006cac63772b31abbd3e3abb6228233ec966bf062e89e7fa7ae06733",
"sha256:15c7d62eee71fa94a2fc52c2b472fed4af258d43f9030479d9c4a2de885fd543",
"sha256:165bedf1 3556f985a2 a064309ba01462aa79bf6112 fbd068ae3893a@e1f 1b",
sha256:17118647c0ea14796364299e942c330d72acc4b248e07eG39d34b75067b3cdd8",
"sha256: 1841c982a3ba4a05ea824cf6d9570a6a2d8649ef0db16e9c826acb28e89e8f",
"sha256: 18678532018e435396e37422a95e3ab87f75028ac79570ad1 1f5bf23cd2a7d8c",
"sha256: 1e4cc030a4bdab482a37462dbf3ffb7e09334d01dd37d1063be1136aOd825fa",
"sha256:1f3cf6d6ec1142412d4535adabc6bd72a63f5f148c43fe559f06298bc21953c9",
"sha256:1f613289f4a94142f914aafad6c6c 87903de7 8eae1e140f a769a7385fb232faf",
"sha256:1fa082ea38d5de51dd409434edc27c0dcbd5fed2b09b9be982deb6f0508d25bc".
"sha256:249aab278810bee585cd0d4de2f08cfd67eed4fc75bde623be163798ed4db2eb"
"sha256:254ecf35572fca01a9f789a1d0f543898e222f7b69ecd7d5381d8d8047627bdb".
sha256:2a02b0161c43cc9e0232711eff846569fad6ec836a7acab16b3cf97b2344c060".
"sha256:30d3a1f041360fØ29765d8704eae606781e673e8918e6b2c792e0775de51352f".
"sha256:3624fd8664f2577cf8de996db3250662e259bfbc870dd8ebdcf5d7c6ac0b5185"
sha256:3f55b36d17ac50aa8a171b771e15fbe1561217510c8768af3d546f56c7576cdc"
sha256:46af561eba6f9b0848b2c9d2427086cabadf14e0abdd9fde9d72d447df268418"
"sha256:47236c13be337ef36546004ce8c5580f4b1150d9538b27bf8a5ad8edf23ccfab".
'sha256:4a365bcb7be554e6e1f9f3ed64016e67e2fa03d7b027a33e436aecf194febb63"
"sha256:4d6ece65099411cfd9a48d13701d7438d9c34f479046b34c50ff60bb8834e43e".
sha256:4e85f46ce287f5c52438bb3703d86162263afccf034a5ef13dbe4318e98d86e7"
sha256:4f0426d51c8f0926a4879390f53c7f5a855e42d68df95fff6032c82c888b5f36"
"sha256:518f90e6dd089d34eaade01101fd8a990921c3bal8ebbe9b0165b46ebff947f0".
sha256:52aed6ef21a0f1a2a5e310fb5c42d7555e9c5855476bbd7173c3aa3d8a0302f2"
sha256:556e70e4f69be1082e6ef26dcb70efcd08d1850f5d6c5f4f2bcb4e397e68f01f"
"sha256:56a952fa2ae57a42ba7951e6b2605e08a24801a4931b5644dfc68939e041bc7f".
"sha256:59197efd478545b1f73367620407b008303569 c5f2d043afes363676f2697c9",
"sha256:5df891c86fe68b2c38da55b7aea7095beca105933c697d719f3f45f4220ase0e",
"sha256:6348cdb6fcc0bf@9dda155464c46c64ffab5807ede4 fb251da2c2692559ce75",
"sha256: 64allaae1de4c178fa653b07d90f2fb1a2ed31919a5ea2361a3876192e1858b",
"sha256:6724b5545746195ba19650fef5759ef11346f946c07dbe390c939bca7cc3d",
"sha256:67494e9516565bf395476e9d040037ff69c8b3fa35686b21d8422ad8lac075",
"sha256:67643fSe50231b5a7f6d83b32f9c525e319f0dc41be0de64f24928cd75a603",
sh:256:68264802389ed6fe9652e89761031acc734fc4c653137a5911 2fa95a6d6d".,
sha256:699ba9dd6a926f82a277063603fc8d586b89f4cb128efc353b749b641fcddda7"


C


"sha256:6aa74a45d4cdc028561a7d6ab3272c8b3018e23723100b12e58be9dfa5a24491"
sha356:6041la1b3856141ceb8321b32987552a024a8r657f0desr86f cf29r090.19s",
"sha:356:71e6e583837286cace9a48752681367096t193284be9d6ad2176a137376",
"sha256:7d20516990d8ad557b5abeb48127b8b779b0b7e6771a265fa3e91767596d7d97"
"sha256:80e4ba642fc87fa532bac07e5ed7e19d56940b6af6a8c61d4429be48718a380f",
Shals6:83726565238514c4146935c36586586c4401272c629f8321.544e3r62bs3".,
"sh1825s:868238318542153674t6e37eb8c598c065c0911c0475104347862715429f9",
"$ha736-8bc53514683451389623700 $746c2869074202ef4519 8defc831989237",
she35:83838373867083048e1retontec&cfbabce73034634847281985c897],
sha256:a5dc0c42ded1557cc7c3f0240b24129aefbad88af4f09346164349391dea8e58",
"$ha2s8-ac8:353987385a568-2373291e8643ec98912675107decfc672e56880",
"sha256: cbebec8cb3d4df6e2488fbf34702cbc37fc39ac7abf9449392cefb3305562e9",
"sha256:ad327ac80ba7ee61da85383ca8822ff808ab5ada0e4a030d66703cc025b021c4",
"sha256:b48a0690ef43db5ef31b3a@d9aea79043882b4632cfc3eaab20105edecf6097",
"sha256:b5a06d7f60bc2fc378a333978470dfc4e1415ee52f5fØfce4f7853eb10c1e9df",
'sha256:b74593e9acf18ea5469c3edaa6b27fa7ecf97b30e9dabd5a94c4c940637ab9Ge",.
sha256:b79915a1179a91f6c5f04ece1e592e2e8a6bd245a0e45d12fd56b2b59e559a32"
'sha256:b80f0c51681c517604152eb6a572f5a9378f877763231fddb83ba2f968e8817",
"sha256:b8ac5b46fd798bbbf2ac6620e0437c36a202b08e1f827832c4bf050da081b501",
sha256:c3c493d0e5141ec055a7d6809a28ac2b88d5b878bb22df8c621ebe79a61123d0"
"sha256:c44ca9ade59b2e376612df34e837013e2b273e6c92d7ed6636d0556b6f4db93d".
sha256:c4a6343e3b0714e80da0b0893543bf9a5b5fa71b846ae640e56e9abc6fbc4c83"_
"sha256:c5870b4a11b77e4caa3937142b650fbbc0914a3e07a0cf3131f35c0587489c1c".
sha256:ca48914cdd9f2ccd94deab5bcb5ac98025a5ddce98881e5cce762854a5de330b".
sha256:cf2fae6d85e5dc384bf846f8243ddaa9197f3a1a70044f59399af001fd1f51d4".
'sha256:d450f5a7a35662a9b91a64aefa852f0c0308ee256122f5218a42f1d13577d71e".
sha256:d6716c087e4aa0b9260c4e579bb82e068f84faddb9bfba9906cb87726fa2e870",
sha256: d93572720d781331fb10d3da9ca1067817d84ad1e7c31466e9f5e59965618096".
sha256:dbb0b697cc0655719522406c059eae233abaa3243821cfdfab1215d02ac10231",
sha256:e33505534f3f673270dd67f81e73550bl1de5b538c56fe04435d63c02c3f26b5"
"sha256:e801ca2f448850685417d723ec70298feff3ce4ff687c6f20922c7474b4746ae"
"sha256:e82db3756ccb66266504f5a3de05ac6b32f287faacff72462612120074103329".
"sha256:ef48e4137e8799998a343706531e656fdec6797b80efd029117edacb74b0a10a"
sha256:f1d3dlf2eb79fe7b0fb02e599b2bf76a7619c79300fc55f0b5e2d382881d4f7f"s
sha256:f3fea72e4e6edb983908f0db373ae0732b275628901d909c382aae3b592589f2",
"sha256:f40de079779acbcdbb6ed4c65af9f018f8b77c5ec4e17a4b737c05c2db554491".
"sha256:f73e676a46b0fe9426612ce8caeca54c9073191a77c3e9d5c94697aef99296af".
"sha256:f9c9e258e3d5efe199ec23903f5daØeeaad58cf6fccb3547b74fd4750e5ac47a".
"sha256:fac2d146ff30d9dd2fcf917e5d147db037a5c573f0446c564f16f1f94cf87462"
sha256:faef9ec6354fe4f9a2c0bbb52fb1ff852effc897e2a4501e25eb3a47cb0a4f89"


],
"version": "==13.0.1"
}
},
"develop":{}
}